
Microsoft Visual Studio Solution File, Format Version 12.00
# Visual Studio Version 18
VisualStudioVersion = 18.0.11205.157
MinimumVisualStudioVersion = 10.0.40219.1
Project("{FAE04EC0-301F-11D3-BF4B-00C04F79EFBC}") = "PostMaster", "PostMaster.csproj", "{D70A4BCB-5AA3-3D6D-70EE-D666C01DA47E}"
EndProject
Project("{2150E333-8FDC-42A3-9474-1A3956D46DE8}") = "Solution", "Solution", "{1AEAB1B2-96E3-4D72-9576-B8B4452931F4}"
	ProjectSection(SolutionItems) = preProject
		LICENSE = LICENSE
	EndProjectSection
EndProject
Global
	GlobalSection(SolutionConfigurationPlatforms) = preSolution
		Debug|Any CPU = Debug|Any CPU
		Release|Any CPU = Release|Any CPU
	EndGlobalSection
	GlobalSection(ProjectConfigurationPlatforms) = postSolution
		{D70A4BCB-5AA3-3D6D-70EE-D666C01DA47E}.Debug|Any CPU.ActiveCfg = Debug|Any CPU
		{D70A4BCB-5AA3-3D6D-70EE-D666C01DA47E}.Debug|Any CPU.Build.0 = Debug|Any CPU
		{D70A4BCB-5AA3-3D6D-70EE-D666C01DA47E}.Release|Any CPU.ActiveCfg = Release|Any CPU
		{D70A4BCB-5AA3-3D6D-70EE-D666C01DA47E}.Release|Any CPU.Build.0 = Release|Any CPU
	EndGlobalSection
	GlobalSection(SolutionProperties) = preSolution
		HideSolutionNode = FALSE
	EndGlobalSection
	GlobalSection(ExtensibilityGlobals) = postSolution
		SolutionGuid = {C08023B9-737C-4623-B23E-43C129F75E60}
	EndGlobalSection
EndGlobal
